{
  "name": "sbc",
  "version": "1.0.0",
  "lockfileVersion": 3,
  "requires": true,
  "packages": {
    "": {
      "name": "sbc",
      "version": "1.0.0",
      "license": "ISC",
      "dependencies": {
        "delay": "^6.0.0",
        "gpio": "^0.2.10"
      }
    },
    "node_modules/delay": {
      "version": "6.0.0",
      "resolved": "https://registry.npmjs.org/delay/-/delay-6.0.0.tgz",
      "integrity": "sha512-2NJozoOHQ4NuZuVIr5CWd0iiLVIRSDepakaovIN+9eIDHEhdCAEvSy2cuf1DCrPPQLvHmbqTHODlhHg8UCy4zw==",
      "engines": {
        "node": ">=16"
      },
      "funding": {
        "url": "https://github.com/sponsors/sindresorhus"
      }
    },
    "node_modules/gpio": {
      "version": "0.2.10",
      "resolved": "https://registry.npmjs.org/gpio/-/gpio-0.2.10.tgz",
      "integrity": "sha512-VBFvAye/pK/oWHDUCa2F8jyrtHhnHXR/zHxMz3REEgznfMCQyzy6yRU8hFNuMSO+AG3YN4fH71Suj6mvM3cG3w=="
    }
  }
}
